
Microsoft Visual Studio Solution File, Format Version 11.00
# Visual Studio 2010
Project("{2150E333-8FDC-42A3-9474-1A3956D46DE8}") = "Factory2D", "Factory2D", "{EC69CA66-2E94-47C7-B86B-E277C7AB2FD5}"
EndProject
Project("{2150E333-8FDC-42A3-9474-1A3956D46DE8}") = "Plugin", "Plugin", "{133A2DEA-26D4-4377-901F-83DDD2E5B477}"
EndProject
Project("{2150E333-8FDC-42A3-9474-1A3956D46DE8}") = "FileFormats", "FileFormats", "{BD25E099-B076-458D-BFD3-71A58028E5AA}"
EndProject
Project("{2150E333-8FDC-42A3-9474-1A3956D46DE8}") = "PluginGenerator", "PluginGenerator", "{E7D718DE-FBB1-48B6-8AE8-A4FF193A4C9C}"
EndProject
Project("{2150E333-8FDC-42A3-9474-1A3956D46DE8}") = "Data", "Data", "{7578B781-0993-4F18-AB54-B8EC06F2196D}"
EndProject
Project("{2150E333-8FDC-42A3-9474-1A3956D46DE8}") = "WindowsApplications", "WindowsApplications", "{EF307DD7-74FD-448A-B2BA-582729BD556E}"
EndProject
Project("{2150E333-8FDC-42A3-9474-1A3956D46DE8}") = "Setup", "Setup", "{D71139B0-0268-43E9-B1D2-13D95D308622}"
EndProject
Project("{2150E333-8FDC-42A3-9474-1A3956D46DE8}") = "Common", "Common", "{CA2F47E1-FB62-4F9D-A124-035553DC094D}"
EndProject
Project("{2150E333-8FDC-42A3-9474-1A3956D46DE8}") = "Test", "Test", "{80AD25A0-A56C-4D0F-A26A-5A9C2369132C}"
EndProject
Project("{2150E333-8FDC-42A3-9474-1A3956D46DE8}") = "SampleCode", "SampleCode", "{5A5D9447-9034-459B-AF10-B166BF447ED2}"
	ProjectSection(SolutionItems) = preProject
		Samples\SampleCodeFiles\Losange.cs = Samples\SampleCodeFiles\Losange.cs
		Samples\SampleCodeFiles\RegularPolygon.cs = Samples\SampleCodeFiles\RegularPolygon.cs
		Samples\SampleCodeFiles\Square.cs = Samples\SampleCodeFiles\Square.cs
		Samples\SampleCodeFiles\SquareWithHole.cs = Samples\SampleCodeFiles\SquareWithHole.cs
		Samples\SampleCodeFiles\Star.cs = Samples\SampleCodeFiles\Star.cs
		Samples\SampleCodeFiles\Triangle.cs = Samples\SampleCodeFiles\Triangle.cs
	EndProjectSection
EndProject
Project("{FAE04EC0-301F-11D3-BF4B-00C04F79EFBC}") = "Pic.Factory2D.Test", "Pic.Factory2D.Test\Pic.Factory2D.Test.csproj", "{EAF62C65-DD19-4F71-A8E9-33BF14EC3D85}"
	ProjectSection(ProjectDependencies) = postProject
		{18305BA6-E8D3-4E21-8C28-1B1A4AB42CAC} = {18305BA6-E8D3-4E21-8C28-1B1A4AB42CAC}
	EndProjectSection
EndProject
Project("{FAE04EC0-301F-11D3-BF4B-00C04F79EFBC}") = "Pic.Factory2D.TestImposition", "Pic.Factory2D.TestImposition\Pic.Factory2D.TestImposition.csproj", "{B1BD595D-FD7A-4E02-8125-D270DB4BE61A}"
EndProject
Project("{FAE04EC0-301F-11D3-BF4B-00C04F79EFBC}") = "Pic.Factory2D.Control", "Pic.Factory2D.Control\Pic.Factory2D.Control.csproj", "{B885460B-F114-4B34-8963-9B1CBACB5D8B}"
EndProject
Project("{FAE04EC0-301F-11D3-BF4B-00C04F79EFBC}") = "Pic.Factory2D.Control.Test", "Pic.Factory2D.Control.Test\Pic.Factory2D.Control.Test.csproj", "{5EE01B9E-4F8A-46AB-A0C1-2266AB64221D}"
EndProject
Project("{FAE04EC0-301F-11D3-BF4B-00C04F79EFBC}") = "Pic.Plugin.PluginInterface", "Pic.Plugin.PluginInterface\Pic.Plugin.PluginInterface.csproj", "{F7AF3588-4E47-464A-8729-3FDBC471D00C}"
	ProjectSection(ProjectDependencies) = postProject
		{18305BA6-E8D3-4E21-8C28-1B1A4AB42CAC} = {18305BA6-E8D3-4E21-8C28-1B1A4AB42CAC}
	EndProjectSection
EndProject
Project("{FAE04EC0-301F-11D3-BF4B-00C04F79EFBC}") = "Pic.Plugin.Host", "Pic.Plugin.Host\Pic.Plugin.Host.csproj", "{120B7826-6403-41BF-AEF9-61FE400CF0F9}"
EndProject
Project("{FAE04EC0-301F-11D3-BF4B-00C04F79EFBC}") = "Pic.Plugin.Host.Test.Console", "Pic.Plugin.Host.Test.Console\Pic.Plugin.Host.Test.Console.csproj", "{8CC9E847-D896-4F26-8429-84ABC00AD594}"
EndProject
Project("{FAE04EC0-301F-11D3-BF4B-00C04F79EFBC}") = "Pic.Plugin.Host.Test.Windows", "Pic.Plugin.Host.Test.Windows\Pic.Plugin.Host.Test.Windows.csproj", "{C93511B7-B39B-44BD-B15B-49D91C7C6A63}"
EndProject
Project("{FAE04EC0-301F-11D3-BF4B-00C04F79EFBC}") = "Pic.Plugin.Tools", "Pic.Plugin.Tools\Pic.Plugin.Tools.csproj", "{3B400C41-D6B3-4683-8450-85AED44FAA52}"
EndProject
Project("{FAE04EC0-301F-11D3-BF4B-00C04F79EFBC}") = "Dxflib4NET", "Dxflib4NET\Dxflib4NET.csproj", "{248A3C5D-E69F-4416-B55A-B3F798BE367B}"
EndProject
Project("{FAE04EC0-301F-11D3-BF4B-00C04F79EFBC}") = "DesLib4NET", "DesLib4NET\DesLib4NET.csproj", "{7CDEDAAE-8156-4835-9837-55C7CDC67070}"
EndProject
Project("{FAE04EC0-301F-11D3-BF4B-00C04F79EFBC}") = "Pic.Plugin.Generator", "Pic.Plugin.Generator\Pic.Plugin.Generator.csproj", "{013D495C-FD49-4568-8472-11CBF544093D}"
EndProject
Project("{FAE04EC0-301F-11D3-BF4B-00C04F79EFBC}") = "Pic.Plugin.Generator.Test.Console", "Pic.Plugin.PluginGenerator.Test.Console\Pic.Plugin.Generator.Test.Console.csproj", "{9620C72E-2D87-4F6B-986D-0CB87FC2B46B}"
EndProject
Project("{FAE04EC0-301F-11D3-BF4B-00C04F79EFBC}") = "Pic.Plugin.ViewCtrl", "Pic.Plugin.ViewCtrl\Pic.Plugin.ViewCtrl.csproj", "{14D171D4-D040-446D-9F24-B8D48E63B4BA}"
EndProject
Project("{FAE04EC0-301F-11D3-BF4B-00C04F79EFBC}") = "Pic.Plugin.ViewCtrl.Test", "Pic.Plugin.ViewCtrl.Test\Pic.Plugin.ViewCtrl.Test.csproj", "{1649920F-B0C5-4C2C-963C-38C8D80AB552}"
EndProject
Project("{FAE04EC0-301F-11D3-BF4B-00C04F79EFBC}") = "Pic.Plugin.GeneratorCtrl", "Pic.Plugin.GeneratorCtrl1\Pic.Plugin.GeneratorCtrl.csproj", "{48F945EB-35D7-4052-8DA1-16A62A725FBC}"
EndProject
Project("{FAE04EC0-301F-11D3-BF4B-00C04F79EFBC}") = "Pic.Plugin.GeneratorCtrl.Test", "Pic.Plugin.GeneratorCtrl.Test\Pic.Plugin.GeneratorCtrl.Test.csproj", "{2A9D4CF0-57A7-4693-9BD2-64DF7CD0BC24}"
EndProject
Project("{FAE04EC0-301F-11D3-BF4B-00C04F79EFBC}") = "Pic.DAL.Sqlite.Test", "Pic.DAL.Test\Pic.DAL.Sqlite.Test.csproj", "{78005703-5359-4D08-9D9E-796DD5F7E754}"
EndProject
Project("{FAE04EC0-301F-11D3-BF4B-00C04F79EFBC}") = "Pic.DAL.Sqlite", "Pic.DAL\Pic.DAL.Sqlite.csproj", "{692F0E45-DE1A-448F-A347-75007E199AD5}"
EndProject
Project("{FAE04EC0-301F-11D3-BF4B-00C04F79EFBC}") = "PicParam", "PicParam\PicParam.csproj", "{D1EA66EA-9A50-46A5-985E-2DAC49F01A1B}"
EndProject
Project("{FAE04EC0-301F-11D3-BF4B-00C04F79EFBC}") = "ZipExtract", "ZipExtract\ZipExtract.csproj", "{8F7AF3AD-2C85-4067-B55E-DFEB8B13DD8E}"
EndProject
Project("{FAE04EC0-301F-11D3-BF4B-00C04F79EFBC}") = "TreeDim.UserControls", "TreeDim.UserControls\TreeDim.UserControls.csproj", "{D75634E3-34AA-4418-A6B6-3647BFF90606}"
EndProject
Project("{930C7802-8A8C-48F9-8165-68863BCCD9DD}") = "PicParamMSI", "PicParamMSI\PicParamMSI.wixproj", "{A88DB101-8B2D-4C75-A6B7-9444ADF08474}"
	ProjectSection(ProjectDependencies) = postProject
		{721A8EDC-28BD-4A84-85B7-C4382D8E2E92} = {721A8EDC-28BD-4A84-85B7-C4382D8E2E92}
	EndProjectSection
EndProject
Project("{930C7802-8A8C-48F9-8165-68863BCCD9DD}") = "PicParamMSM", "PicParamMSM\PicParamMSM.wixproj", "{721A8EDC-28BD-4A84-85B7-C4382D8E2E92}"
	ProjectSection(ProjectDependencies) = postProject
		{8F7AF3AD-2C85-4067-B55E-DFEB8B13DD8E} = {8F7AF3AD-2C85-4067-B55E-DFEB8B13DD8E}
		{D1EA66EA-9A50-46A5-985E-2DAC49F01A1B} = {D1EA66EA-9A50-46A5-985E-2DAC49F01A1B}
	EndProjectSection
EndProject
Project("{FAE04EC0-301F-11D3-BF4B-00C04F79EFBC}") = "OptionsLib", "OptionsLib\OptionsLib.csproj", "{5035348F-344F-4822-823E-6CB4D79D80D7}"
EndProject
Project("{FAE04EC0-301F-11D3-BF4B-00C04F79EFBC}") = "Pic.Factory2D", "Pic.Factory2D\Pic.Factory2D.csproj", "{18305BA6-E8D3-4E21-8C28-1B1A4AB42CAC}"
EndProject
Project("{FAE04EC0-301F-11D3-BF4B-00C04F79EFBC}") = "Pic.DAL.LibraryLoader", "Pic.DAL.LibrairyLoader\Pic.DAL.LibraryLoader.csproj", "{91058110-CAB9-4C53-AD27-536407982F17}"
EndProject
Project("{FAE04EC0-301F-11D3-BF4B-00C04F79EFBC}") = "Pic.Plugin.Handle", "Pic.Plugin.Handle\Pic.Plugin.Handle.csproj", "{439EB714-D9DD-4637-91B9-FDD7AA0F0047}"
EndProject
Project("{FAE04EC0-301F-11D3-BF4B-00C04F79EFBC}") = "Pic.Plugin.SleeveBoxArchitecture", "Pic.Plugin.SleeveBoxArchitecture\Pic.Plugin.SleeveBoxArchitecture.csproj", "{822E34A7-892F-4D76-AC76-C6B7FAFC1F58}"
EndProject
Project("{FAE04EC0-301F-11D3-BF4B-00C04F79EFBC}") = "Sharp3D.Math", "..\..\Codeplex\Sharp3D.Math\Sharp3D.Math\Main\Sharp3D.Math\Sharp3D.Math.csproj", "{8F9BA4D3-D6AF-42A6-B74F-0DF6568C148B}"
EndProject
Project("{2150E333-8FDC-42A3-9474-1A3956D46DE8}") = "Test", "Test", "{F3F0BB51-0EC8-45F1-854C-7AF430E0B66D}"
EndProject
Global
	GlobalSection(SolutionConfigurationPlatforms) = preSolution
		Debug|Any CPU = Debug|Any CPU
		Debug|Mixed Platforms = Debug|Mixed Platforms
		Debug|x86 = Debug|x86
		Release|Any CPU = Release|Any CPU
		Release|Mixed Platforms = Release|Mixed Platforms
		Release|x86 = Release|x86
	EndGlobalSection
	GlobalSection(ProjectConfigurationPlatforms) = postSolution
		{EAF62C65-DD19-4F71-A8E9-33BF14EC3D85}.Debug|Any CPU.ActiveCfg = Debug|Any CPU
		{EAF62C65-DD19-4F71-A8E9-33BF14EC3D85}.Debug|Any CPU.Build.0 = Debug|Any CPU
		{EAF62C65-DD19-4F71-A8E9-33BF14EC3D85}.Debug|Mixed Platforms.ActiveCfg = Debug|Any CPU
		{EAF62C65-DD19-4F71-A8E9-33BF14EC3D85}.Debug|Mixed Platforms.Build.0 = Debug|Any CPU
		{EAF62C65-DD19-4F71-A8E9-33BF14EC3D85}.Debug|x86.ActiveCfg = Debug|x86
		{EAF62C65-DD19-4F71-A8E9-33BF14EC3D85}.Debug|x86.Build.0 = Debug|x86
		{EAF62C65-DD19-4F71-A8E9-33BF14EC3D85}.Release|Any CPU.ActiveCfg = Release|Any CPU
		{EAF62C65-DD19-4F71-A8E9-33BF14EC3D85}.Release|Any CPU.Build.0 = Release|Any CPU
		{EAF62C65-DD19-4F71-A8E9-33BF14EC3D85}.Release|Mixed Platforms.ActiveCfg = Release|Any CPU
		{EAF62C65-DD19-4F71-A8E9-33BF14EC3D85}.Release|Mixed Platforms.Build.0 = Release|Any CPU
		{EAF62C65-DD19-4F71-A8E9-33BF14EC3D85}.Release|x86.ActiveCfg = Release|x86
		{EAF62C65-DD19-4F71-A8E9-33BF14EC3D85}.Release|x86.Build.0 = Release|x86
		{B1BD595D-FD7A-4E02-8125-D270DB4BE61A}.Debug|Any CPU.ActiveCfg = Debug|Any CPU
		{B1BD595D-FD7A-4E02-8125-D270DB4BE61A}.Debug|Any CPU.Build.0 = Debug|Any CPU
		{B1BD595D-FD7A-4E02-8125-D270DB4BE61A}.Debug|Mixed Platforms.ActiveCfg = Debug|Any CPU
		{B1BD595D-FD7A-4E02-8125-D270DB4BE61A}.Debug|Mixed Platforms.Build.0 = Debug|Any CPU
		{B1BD595D-FD7A-4E02-8125-D270DB4BE61A}.Debug|x86.ActiveCfg = Debug|x86
		{B1BD595D-FD7A-4E02-8125-D270DB4BE61A}.Debug|x86.Build.0 = Debug|x86
		{B1BD595D-FD7A-4E02-8125-D270DB4BE61A}.Release|Any CPU.ActiveCfg = Release|Any CPU
		{B1BD595D-FD7A-4E02-8125-D270DB4BE61A}.Release|Any CPU.Build.0 = Release|Any CPU
		{B1BD595D-FD7A-4E02-8125-D270DB4BE61A}.Release|Mixed Platforms.ActiveCfg = Release|Any CPU
		{B1BD595D-FD7A-4E02-8125-D270DB4BE61A}.Release|Mixed Platforms.Build.0 = Release|Any CPU
		{B1BD595D-FD7A-4E02-8125-D270DB4BE61A}.Release|x86.ActiveCfg = Release|x86
		{B1BD595D-FD7A-4E02-8125-D270DB4BE61A}.Release|x86.Build.0 = Release|x86
		{B885460B-F114-4B34-8963-9B1CBACB5D8B}.Debug|Any CPU.ActiveCfg = Debug|Any CPU
		{B885460B-F114-4B34-8963-9B1CBACB5D8B}.Debug|Any CPU.Build.0 = Debug|Any CPU
		{B885460B-F114-4B34-8963-9B1CBACB5D8B}.Debug|Mixed Platforms.ActiveCfg = Debug|Any CPU
		{B885460B-F114-4B34-8963-9B1CBACB5D8B}.Debug|Mixed Platforms.Build.0 = Debug|Any CPU
		{B885460B-F114-4B34-8963-9B1CBACB5D8B}.Debug|x86.ActiveCfg = Debug|x86
		{B885460B-F114-4B34-8963-9B1CBACB5D8B}.Debug|x86.Build.0 = Debug|x86
		{B885460B-F114-4B34-8963-9B1CBACB5D8B}.Release|Any CPU.ActiveCfg = Release|Any CPU
		{B885460B-F114-4B34-8963-9B1CBACB5D8B}.Release|Any CPU.Build.0 = Release|Any CPU
		{B885460B-F114-4B34-8963-9B1CBACB5D8B}.Release|Mixed Platforms.ActiveCfg = Release|Any CPU
		{B885460B-F114-4B34-8963-9B1CBACB5D8B}.Release|Mixed Platforms.Build.0 = Release|Any CPU
		{B885460B-F114-4B34-8963-9B1CBACB5D8B}.Release|x86.ActiveCfg = Release|x86
		{B885460B-F114-4B34-8963-9B1CBACB5D8B}.Release|x86.Build.0 = Release|x86
		{5EE01B9E-4F8A-46AB-A0C1-2266AB64221D}.Debug|Any CPU.ActiveCfg = Debug|Any CPU
		{5EE01B9E-4F8A-46AB-A0C1-2266AB64221D}.Debug|Any CPU.Build.0 = Debug|Any CPU
		{5EE01B9E-4F8A-46AB-A0C1-2266AB64221D}.Debug|Mixed Platforms.ActiveCfg = Debug|Any CPU
		{5EE01B9E-4F8A-46AB-A0C1-2266AB64221D}.Debug|Mixed Platforms.Build.0 = Debug|Any CPU
		{5EE01B9E-4F8A-46AB-A0C1-2266AB64221D}.Debug|x86.ActiveCfg = Debug|x86
		{5EE01B9E-4F8A-46AB-A0C1-2266AB64221D}.Debug|x86.Build.0 = Debug|x86
		{5EE01B9E-4F8A-46AB-A0C1-2266AB64221D}.Release|Any CPU.ActiveCfg = Release|Any CPU
		{5EE01B9E-4F8A-46AB-A0C1-2266AB64221D}.Release|Any CPU.Build.0 = Release|Any CPU
		{5EE01B9E-4F8A-46AB-A0C1-2266AB64221D}.Release|Mixed Platforms.ActiveCfg = Release|Any CPU
		{5EE01B9E-4F8A-46AB-A0C1-2266AB64221D}.Release|Mixed Platforms.Build.0 = Release|Any CPU
		{5EE01B9E-4F8A-46AB-A0C1-2266AB64221D}.Release|x86.ActiveCfg = Release|x86
		{5EE01B9E-4F8A-46AB-A0C1-2266AB64221D}.Release|x86.Build.0 = Release|x86
		{F7AF3588-4E47-464A-8729-3FDBC471D00C}.Debug|Any CPU.ActiveCfg = Debug|Any CPU
		{F7AF3588-4E47-464A-8729-3FDBC471D00C}.Debug|Any CPU.Build.0 = Debug|Any CPU
		{F7AF3588-4E47-464A-8729-3FDBC471D00C}.Debug|Mixed Platforms.ActiveCfg = Debug|Any CPU
		{F7AF3588-4E47-464A-8729-3FDBC471D00C}.Debug|Mixed Platforms.Build.0 = Debug|Any CPU
		{F7AF3588-4E47-464A-8729-3FDBC471D00C}.Debug|x86.ActiveCfg = Debug|x86
		{F7AF3588-4E47-464A-8729-3FDBC471D00C}.Debug|x86.Build.0 = Debug|x86
		{F7AF3588-4E47-464A-8729-3FDBC471D00C}.Release|Any CPU.ActiveCfg = Release|Any CPU
		{F7AF3588-4E47-464A-8729-3FDBC471D00C}.Release|Any CPU.Build.0 = Release|Any CPU
		{F7AF3588-4E47-464A-8729-3FDBC471D00C}.Release|Mixed Platforms.ActiveCfg = Release|Any CPU
		{F7AF3588-4E47-464A-8729-3FDBC471D00C}.Release|Mixed Platforms.Build.0 = Release|Any CPU
		{F7AF3588-4E47-464A-8729-3FDBC471D00C}.Release|x86.ActiveCfg = Release|x86
		{F7AF3588-4E47-464A-8729-3FDBC471D00C}.Release|x86.Build.0 = Release|x86
		{120B7826-6403-41BF-AEF9-61FE400CF0F9}.Debug|Any CPU.ActiveCfg = Debug|Any CPU
		{120B7826-6403-41BF-AEF9-61FE400CF0F9}.Debug|Any CPU.Build.0 = Debug|Any CPU
		{120B7826-6403-41BF-AEF9-61FE400CF0F9}.Debug|Mixed Platforms.ActiveCfg = Debug|Any CPU
		{120B7826-6403-41BF-AEF9-61FE400CF0F9}.Debug|Mixed Platforms.Build.0 = Debug|Any CPU
		{120B7826-6403-41BF-AEF9-61FE400CF0F9}.Debug|x86.ActiveCfg = Debug|x86
		{120B7826-6403-41BF-AEF9-61FE400CF0F9}.Debug|x86.Build.0 = Debug|x86
		{120B7826-6403-41BF-AEF9-61FE400CF0F9}.Release|Any CPU.ActiveCfg = Release|Any CPU
		{120B7826-6403-41BF-AEF9-61FE400CF0F9}.Release|Any CPU.Build.0 = Release|Any CPU
		{120B7826-6403-41BF-AEF9-61FE400CF0F9}.Release|Mixed Platforms.ActiveCfg = Release|Any CPU
		{120B7826-6403-41BF-AEF9-61FE400CF0F9}.Release|Mixed Platforms.Build.0 = Release|Any CPU
		{120B7826-6403-41BF-AEF9-61FE400CF0F9}.Release|x86.ActiveCfg = Release|x86
		{120B7826-6403-41BF-AEF9-61FE400CF0F9}.Release|x86.Build.0 = Release|x86
		{8CC9E847-D896-4F26-8429-84ABC00AD594}.Debug|Any CPU.ActiveCfg = Debug|Any CPU
		{8CC9E847-D896-4F26-8429-84ABC00AD594}.Debug|Any CPU.Build.0 = Debug|Any CPU
		{8CC9E847-D896-4F26-8429-84ABC00AD594}.Debug|Mixed Platforms.ActiveCfg = Debug|Any CPU
		{8CC9E847-D896-4F26-8429-84ABC00AD594}.Debug|Mixed Platforms.Build.0 = Debug|Any CPU
		{8CC9E847-D896-4F26-8429-84ABC00AD594}.Debug|x86.ActiveCfg = Debug|x86
		{8CC9E847-D896-4F26-8429-84ABC00AD594}.Debug|x86.Build.0 = Debug|x86
		{8CC9E847-D896-4F26-8429-84ABC00AD594}.Release|Any CPU.ActiveCfg = Release|Any CPU
		{8CC9E847-D896-4F26-8429-84ABC00AD594}.Release|Any CPU.Build.0 = Release|Any CPU
		{8CC9E847-D896-4F26-8429-84ABC00AD594}.Release|Mixed Platforms.ActiveCfg = Release|Any CPU
		{8CC9E847-D896-4F26-8429-84ABC00AD594}.Release|Mixed Platforms.Build.0 = Release|Any CPU
		{8CC9E847-D896-4F26-8429-84ABC00AD594}.Release|x86.ActiveCfg = Release|x86
		{8CC9E847-D896-4F26-8429-84ABC00AD594}.Release|x86.Build.0 = Release|x86
		{C93511B7-B39B-44BD-B15B-49D91C7C6A63}.Debug|Any CPU.ActiveCfg = Debug|Any CPU
		{C93511B7-B39B-44BD-B15B-49D91C7C6A63}.Debug|Any CPU.Build.0 = Debug|Any CPU
		{C93511B7-B39B-44BD-B15B-49D91C7C6A63}.Debug|Mixed Platforms.ActiveCfg = Debug|Any CPU
		{C93511B7-B39B-44BD-B15B-49D91C7C6A63}.Debug|Mixed Platforms.Build.0 = Debug|Any CPU
		{C93511B7-B39B-44BD-B15B-49D91C7C6A63}.Debug|x86.ActiveCfg = Debug|x86
		{C93511B7-B39B-44BD-B15B-49D91C7C6A63}.Debug|x86.Build.0 = Debug|x86
		{C93511B7-B39B-44BD-B15B-49D91C7C6A63}.Release|Any CPU.ActiveCfg = Release|Any CPU
		{C93511B7-B39B-44BD-B15B-49D91C7C6A63}.Release|Any CPU.Build.0 = Release|Any CPU
		{C93511B7-B39B-44BD-B15B-49D91C7C6A63}.Release|Mixed Platforms.ActiveCfg = Release|Any CPU
		{C93511B7-B39B-44BD-B15B-49D91C7C6A63}.Release|Mixed Platforms.Build.0 = Release|Any CPU
		{C93511B7-B39B-44BD-B15B-49D91C7C6A63}.Release|x86.ActiveCfg = Release|x86
		{C93511B7-B39B-44BD-B15B-49D91C7C6A63}.Release|x86.Build.0 = Release|x86
		{3B400C41-D6B3-4683-8450-85AED44FAA52}.Debug|Any CPU.ActiveCfg = Debug|Any CPU
		{3B400C41-D6B3-4683-8450-85AED44FAA52}.Debug|Any CPU.Build.0 = Debug|Any CPU
		{3B400C41-D6B3-4683-8450-85AED44FAA52}.Debug|Mixed Platforms.ActiveCfg = Debug|Any CPU
		{3B400C41-D6B3-4683-8450-85AED44FAA52}.Debug|Mixed Platforms.Build.0 = Debug|Any CPU
		{3B400C41-D6B3-4683-8450-85AED44FAA52}.Debug|x86.ActiveCfg = Debug|x86
		{3B400C41-D6B3-4683-8450-85AED44FAA52}.Debug|x86.Build.0 = Debug|x86
		{3B400C41-D6B3-4683-8450-85AED44FAA52}.Release|Any CPU.ActiveCfg = Release|Any CPU
		{3B400C41-D6B3-4683-8450-85AED44FAA52}.Release|Any CPU.Build.0 = Release|Any CPU
		{3B400C41-D6B3-4683-8450-85AED44FAA52}.Release|Mixed Platforms.ActiveCfg = Release|Any CPU
		{3B400C41-D6B3-4683-8450-85AED44FAA52}.Release|Mixed Platforms.Build.0 = Release|Any CPU
		{3B400C41-D6B3-4683-8450-85AED44FAA52}.Release|x86.ActiveCfg = Release|x86
		{3B400C41-D6B3-4683-8450-85AED44FAA52}.Release|x86.Build.0 = Release|x86
		{248A3C5D-E69F-4416-B55A-B3F798BE367B}.Debug|Any CPU.ActiveCfg = Debug|Any CPU
		{248A3C5D-E69F-4416-B55A-B3F798BE367B}.Debug|Any CPU.Build.0 = Debug|Any CPU
		{248A3C5D-E69F-4416-B55A-B3F798BE367B}.Debug|Mixed Platforms.ActiveCfg = Debug|Any CPU
		{248A3C5D-E69F-4416-B55A-B3F798BE367B}.Debug|Mixed Platforms.Build.0 = Debug|Any CPU
		{248A3C5D-E69F-4416-B55A-B3F798BE367B}.Debug|x86.ActiveCfg = Debug|x86
		{248A3C5D-E69F-4416-B55A-B3F798BE367B}.Debug|x86.Build.0 = Debug|x86
		{248A3C5D-E69F-4416-B55A-B3F798BE367B}.Release|Any CPU.ActiveCfg = Release|Any CPU
		{248A3C5D-E69F-4416-B55A-B3F798BE367B}.Release|Any CPU.Build.0 = Release|Any CPU
		{248A3C5D-E69F-4416-B55A-B3F798BE367B}.Release|Mixed Platforms.ActiveCfg = Release|Any CPU
		{248A3C5D-E69F-4416-B55A-B3F798BE367B}.Release|Mixed Platforms.Build.0 = Release|Any CPU
		{248A3C5D-E69F-4416-B55A-B3F798BE367B}.Release|x86.ActiveCfg = Release|x86
		{248A3C5D-E69F-4416-B55A-B3F798BE367B}.Release|x86.Build.0 = Release|x86
		{7CDEDAAE-8156-4835-9837-55C7CDC67070}.Debug|Any CPU.ActiveCfg = Debug|Any CPU
		{7CDEDAAE-8156-4835-9837-55C7CDC67070}.Debug|Any CPU.Build.0 = Debug|Any CPU
		{7CDEDAAE-8156-4835-9837-55C7CDC67070}.Debug|Mixed Platforms.ActiveCfg = Debug|Any CPU
		{7CDEDAAE-8156-4835-9837-55C7CDC67070}.Debug|Mixed Platforms.Build.0 = Debug|Any CPU
		{7CDEDAAE-8156-4835-9837-55C7CDC67070}.Debug|x86.ActiveCfg = Debug|x86
		{7CDEDAAE-8156-4835-9837-55C7CDC67070}.Debug|x86.Build.0 = Debug|x86
		{7CDEDAAE-8156-4835-9837-55C7CDC67070}.Release|Any CPU.ActiveCfg = Release|Any CPU
		{7CDEDAAE-8156-4835-9837-55C7CDC67070}.Release|Any CPU.Build.0 = Release|Any CPU
		{7CDEDAAE-8156-4835-9837-55C7CDC67070}.Release|Mixed Platforms.ActiveCfg = Release|Any CPU
		{7CDEDAAE-8156-4835-9837-55C7CDC67070}.Release|Mixed Platforms.Build.0 = Release|Any CPU
		{7CDEDAAE-8156-4835-9837-55C7CDC67070}.Release|x86.ActiveCfg = Release|x86
		{7CDEDAAE-8156-4835-9837-55C7CDC67070}.Release|x86.Build.0 = Release|x86
		{013D495C-FD49-4568-8472-11CBF544093D}.Debug|Any CPU.ActiveCfg = Debug|Any CPU
		{013D495C-FD49-4568-8472-11CBF544093D}.Debug|Any CPU.Build.0 = Debug|Any CPU
		{013D495C-FD49-4568-8472-11CBF544093D}.Debug|Mixed Platforms.ActiveCfg = Debug|Any CPU
		{013D495C-FD49-4568-8472-11CBF544093D}.Debug|Mixed Platforms.Build.0 = Debug|Any CPU
		{013D495C-FD49-4568-8472-11CBF544093D}.Debug|x86.ActiveCfg = Debug|x86
		{013D495C-FD49-4568-8472-11CBF544093D}.Debug|x86.Build.0 = Debug|x86
		{013D495C-FD49-4568-8472-11CBF544093D}.Release|Any CPU.ActiveCfg = Release|Any CPU
		{013D495C-FD49-4568-8472-11CBF544093D}.Release|Any CPU.Build.0 = Release|Any CPU
		{013D495C-FD49-4568-8472-11CBF544093D}.Release|Mixed Platforms.ActiveCfg = Release|Any CPU
		{013D495C-FD49-4568-8472-11CBF544093D}.Release|Mixed Platforms.Build.0 = Release|Any CPU
		{013D495C-FD49-4568-8472-11CBF544093D}.Release|x86.ActiveCfg = Release|x86
		{013D495C-FD49-4568-8472-11CBF544093D}.Release|x86.Build.0 = Release|x86
		{9620C72E-2D87-4F6B-986D-0CB87FC2B46B}.Debug|Any CPU.ActiveCfg = Debug|Any CPU
		{9620C72E-2D87-4F6B-986D-0CB87FC2B46B}.Debug|Any CPU.Build.0 = Debug|Any CPU
		{9620C72E-2D87-4F6B-986D-0CB87FC2B46B}.Debug|Mixed Platforms.ActiveCfg = Debug|Any CPU
		{9620C72E-2D87-4F6B-986D-0CB87FC2B46B}.Debug|Mixed Platforms.Build.0 = Debug|Any CPU
		{9620C72E-2D87-4F6B-986D-0CB87FC2B46B}.Debug|x86.ActiveCfg = Debug|x86
		{9620C72E-2D87-4F6B-986D-0CB87FC2B46B}.Debug|x86.Build.0 = Debug|x86
		{9620C72E-2D87-4F6B-986D-0CB87FC2B46B}.Release|Any CPU.ActiveCfg = Release|Any CPU
		{9620C72E-2D87-4F6B-986D-0CB87FC2B46B}.Release|Any CPU.Build.0 = Release|Any CPU
		{9620C72E-2D87-4F6B-986D-0CB87FC2B46B}.Release|Mixed Platforms.ActiveCfg = Release|Any CPU
		{9620C72E-2D87-4F6B-986D-0CB87FC2B46B}.Release|Mixed Platforms.Build.0 = Release|Any CPU
		{9620C72E-2D87-4F6B-986D-0CB87FC2B46B}.Release|x86.ActiveCfg = Release|x86
		{9620C72E-2D87-4F6B-986D-0CB87FC2B46B}.Release|x86.Build.0 = Release|x86
		{14D171D4-D040-446D-9F24-B8D48E63B4BA}.Debug|Any CPU.ActiveCfg = Debug|Any CPU
		{14D171D4-D040-446D-9F24-B8D48E63B4BA}.Debug|Any CPU.Build.0 = Debug|Any CPU
		{14D171D4-D040-446D-9F24-B8D48E63B4BA}.Debug|Mixed Platforms.ActiveCfg = Debug|Any CPU
		{14D171D4-D040-446D-9F24-B8D48E63B4BA}.Debug|Mixed Platforms.Build.0 = Debug|Any CPU
		{14D171D4-D040-446D-9F24-B8D48E63B4BA}.Debug|x86.ActiveCfg = Debug|x86
		{14D171D4-D040-446D-9F24-B8D48E63B4BA}.Debug|x86.Build.0 = Debug|x86
		{14D171D4-D040-446D-9F24-B8D48E63B4BA}.Release|Any CPU.ActiveCfg = Release|Any CPU
		{14D171D4-D040-446D-9F24-B8D48E63B4BA}.Release|Any CPU.Build.0 = Release|Any CPU
		{14D171D4-D040-446D-9F24-B8D48E63B4BA}.Release|Mixed Platforms.ActiveCfg = Release|Any CPU
		{14D171D4-D040-446D-9F24-B8D48E63B4BA}.Release|Mixed Platforms.Build.0 = Release|Any CPU
		{14D171D4-D040-446D-9F24-B8D48E63B4BA}.Release|x86.ActiveCfg = Release|x86
		{14D171D4-D040-446D-9F24-B8D48E63B4BA}.Release|x86.Build.0 = Release|x86
		{1649920F-B0C5-4C2C-963C-38C8D80AB552}.Debug|Any CPU.ActiveCfg = Debug|Any CPU
		{1649920F-B0C5-4C2C-963C-38C8D80AB552}.Debug|Any CPU.Build.0 = Debug|Any CPU
		{1649920F-B0C5-4C2C-963C-38C8D80AB552}.Debug|Mixed Platforms.ActiveCfg = Debug|Any CPU
		{1649920F-B0C5-4C2C-963C-38C8D80AB552}.Debug|Mixed Platforms.Build.0 = Debug|Any CPU
		{1649920F-B0C5-4C2C-963C-38C8D80AB552}.Debug|x86.ActiveCfg = Debug|x86
		{1649920F-B0C5-4C2C-963C-38C8D80AB552}.Debug|x86.Build.0 = Debug|x86
		{1649920F-B0C5-4C2C-963C-38C8D80AB552}.Release|Any CPU.ActiveCfg = Release|Any CPU
		{1649920F-B0C5-4C2C-963C-38C8D80AB552}.Release|Any CPU.Build.0 = Release|Any CPU
		{1649920F-B0C5-4C2C-963C-38C8D80AB552}.Release|Mixed Platforms.ActiveCfg = Release|Any CPU
		{1649920F-B0C5-4C2C-963C-38C8D80AB552}.Release|Mixed Platforms.Build.0 = Release|Any CPU
		{1649920F-B0C5-4C2C-963C-38C8D80AB552}.Release|x86.ActiveCfg = Release|x86
		{1649920F-B0C5-4C2C-963C-38C8D80AB552}.Release|x86.Build.0 = Release|x86
		{48F945EB-35D7-4052-8DA1-16A62A725FBC}.Debug|Any CPU.ActiveCfg = Debug|Any CPU
		{48F945EB-35D7-4052-8DA1-16A62A725FBC}.Debug|Any CPU.Build.0 = Debug|Any CPU
		{48F945EB-35D7-4052-8DA1-16A62A725FBC}.Debug|Mixed Platforms.ActiveCfg = Debug|Any CPU
		{48F945EB-35D7-4052-8DA1-16A62A725FBC}.Debug|Mixed Platforms.Build.0 = Debug|Any CPU
		{48F945EB-35D7-4052-8DA1-16A62A725FBC}.Debug|x86.ActiveCfg = Debug|x86
		{48F945EB-35D7-4052-8DA1-16A62A725FBC}.Debug|x86.Build.0 = Debug|x86
		{48F945EB-35D7-4052-8DA1-16A62A725FBC}.Release|Any CPU.ActiveCfg = Release|Any CPU
		{48F945EB-35D7-4052-8DA1-16A62A725FBC}.Release|Any CPU.Build.0 = Release|Any CPU
		{48F945EB-35D7-4052-8DA1-16A62A725FBC}.Release|Mixed Platforms.ActiveCfg = Release|Any CPU
		{48F945EB-35D7-4052-8DA1-16A62A725FBC}.Release|Mixed Platforms.Build.0 = Release|Any CPU
		{48F945EB-35D7-4052-8DA1-16A62A725FBC}.Release|x86.ActiveCfg = Release|x86
		{48F945EB-35D7-4052-8DA1-16A62A725FBC}.Release|x86.Build.0 = Release|x86
		{2A9D4CF0-57A7-4693-9BD2-64DF7CD0BC24}.Debug|Any CPU.ActiveCfg = Debug|Any CPU
		{2A9D4CF0-57A7-4693-9BD2-64DF7CD0BC24}.Debug|Any CPU.Build.0 = Debug|Any CPU
		{2A9D4CF0-57A7-4693-9BD2-64DF7CD0BC24}.Debug|Mixed Platforms.ActiveCfg = Debug|Any CPU
		{2A9D4CF0-57A7-4693-9BD2-64DF7CD0BC24}.Debug|Mixed Platforms.Build.0 = Debug|Any CPU
		{2A9D4CF0-57A7-4693-9BD2-64DF7CD0BC24}.Debug|x86.ActiveCfg = Debug|x86
		{2A9D4CF0-57A7-4693-9BD2-64DF7CD0BC24}.Debug|x86.Build.0 = Debug|x86
		{2A9D4CF0-57A7-4693-9BD2-64DF7CD0BC24}.Release|Any CPU.ActiveCfg = Release|Any CPU
		{2A9D4CF0-57A7-4693-9BD2-64DF7CD0BC24}.Release|Any CPU.Build.0 = Release|Any CPU
		{2A9D4CF0-57A7-4693-9BD2-64DF7CD0BC24}.Release|Mixed Platforms.ActiveCfg = Release|Any CPU
		{2A9D4CF0-57A7-4693-9BD2-64DF7CD0BC24}.Release|Mixed Platforms.Build.0 = Release|Any CPU
		{2A9D4CF0-57A7-4693-9BD2-64DF7CD0BC24}.Release|x86.ActiveCfg = Release|x86
		{2A9D4CF0-57A7-4693-9BD2-64DF7CD0BC24}.Release|x86.Build.0 = Release|x86
		{78005703-5359-4D08-9D9E-796DD5F7E754}.Debug|Any CPU.ActiveCfg = Debug|Any CPU
		{78005703-5359-4D08-9D9E-796DD5F7E754}.Debug|Any CPU.Build.0 = Debug|Any CPU
		{78005703-5359-4D08-9D9E-796DD5F7E754}.Debug|Mixed Platforms.ActiveCfg = Debug|Any CPU
		{78005703-5359-4D08-9D9E-796DD5F7E754}.Debug|Mixed Platforms.Build.0 = Debug|Any CPU
		{78005703-5359-4D08-9D9E-796DD5F7E754}.Debug|x86.ActiveCfg = Debug|x86
		{78005703-5359-4D08-9D9E-796DD5F7E754}.Debug|x86.Build.0 = Debug|x86
		{78005703-5359-4D08-9D9E-796DD5F7E754}.Release|Any CPU.ActiveCfg = Release|Any CPU
		{78005703-5359-4D08-9D9E-796DD5F7E754}.Release|Any CPU.Build.0 = Release|Any CPU
		{78005703-5359-4D08-9D9E-796DD5F7E754}.Release|Mixed Platforms.ActiveCfg = Release|Any CPU
		{78005703-5359-4D08-9D9E-796DD5F7E754}.Release|Mixed Platforms.Build.0 = Release|Any CPU
		{78005703-5359-4D08-9D9E-796DD5F7E754}.Release|x86.ActiveCfg = Release|x86
		{78005703-5359-4D08-9D9E-796DD5F7E754}.Release|x86.Build.0 = Release|x86
		{692F0E45-DE1A-448F-A347-75007E199AD5}.Debug|Any CPU.ActiveCfg = Debug|Any CPU
		{692F0E45-DE1A-448F-A347-75007E199AD5}.Debug|Any CPU.Build.0 = Debug|Any CPU
		{692F0E45-DE1A-448F-A347-75007E199AD5}.Debug|Mixed Platforms.ActiveCfg = Debug|Any CPU
		{692F0E45-DE1A-448F-A347-75007E199AD5}.Debug|Mixed Platforms.Build.0 = Debug|Any CPU
		{692F0E45-DE1A-448F-A347-75007E199AD5}.Debug|x86.ActiveCfg = Debug|x86
		{692F0E45-DE1A-448F-A347-75007E199AD5}.Debug|x86.Build.0 = Debug|x86
		{692F0E45-DE1A-448F-A347-75007E199AD5}.Release|Any CPU.ActiveCfg = Release|Any CPU
		{692F0E45-DE1A-448F-A347-75007E199AD5}.Release|Any CPU.Build.0 = Release|Any CPU
		{692F0E45-DE1A-448F-A347-75007E199AD5}.Release|Mixed Platforms.ActiveCfg = Release|Any CPU
		{692F0E45-DE1A-448F-A347-75007E199AD5}.Release|Mixed Platforms.Build.0 = Release|Any CPU
		{692F0E45-DE1A-448F-A347-75007E199AD5}.Release|x86.ActiveCfg = Release|x86
		{692F0E45-DE1A-448F-A347-75007E199AD5}.Release|x86.Build.0 = Release|x86
		{D1EA66EA-9A50-46A5-985E-2DAC49F01A1B}.Debug|Any CPU.ActiveCfg = Debug|Any CPU
		{D1EA66EA-9A50-46A5-985E-2DAC49F01A1B}.Debug|Any CPU.Build.0 = Debug|Any CPU
		{D1EA66EA-9A50-46A5-985E-2DAC49F01A1B}.Debug|Mixed Platforms.ActiveCfg = Debug|Any CPU
		{D1EA66EA-9A50-46A5-985E-2DAC49F01A1B}.Debug|Mixed Platforms.Build.0 = Debug|Any CPU
		{D1EA66EA-9A50-46A5-985E-2DAC49F01A1B}.Debug|x86.ActiveCfg = Debug|x86
		{D1EA66EA-9A50-46A5-985E-2DAC49F01A1B}.Debug|x86.Build.0 = Debug|x86
		{D1EA66EA-9A50-46A5-985E-2DAC49F01A1B}.Release|Any CPU.ActiveCfg = Release|Any CPU
		{D1EA66EA-9A50-46A5-985E-2DAC49F01A1B}.Release|Any CPU.Build.0 = Release|Any CPU
		{D1EA66EA-9A50-46A5-985E-2DAC49F01A1B}.Release|Mixed Platforms.ActiveCfg = Release|Any CPU
		{D1EA66EA-9A50-46A5-985E-2DAC49F01A1B}.Release|Mixed Platforms.Build.0 = Release|Any CPU
		{D1EA66EA-9A50-46A5-985E-2DAC49F01A1B}.Release|x86.ActiveCfg = Release|x86
		{D1EA66EA-9A50-46A5-985E-2DAC49F01A1B}.Release|x86.Build.0 = Release|x86
		{8F7AF3AD-2C85-4067-B55E-DFEB8B13DD8E}.Debug|Any CPU.ActiveCfg = Debug|Any CPU
		{8F7AF3AD-2C85-4067-B55E-DFEB8B13DD8E}.Debug|Any CPU.Build.0 = Debug|Any CPU
		{8F7AF3AD-2C85-4067-B55E-DFEB8B13DD8E}.Debug|Mixed Platforms.ActiveCfg = Debug|x86
		{8F7AF3AD-2C85-4067-B55E-DFEB8B13DD8E}.Debug|Mixed Platforms.Build.0 = Debug|x86
		{8F7AF3AD-2C85-4067-B55E-DFEB8B13DD8E}.Debug|x86.ActiveCfg = Debug|x86
		{8F7AF3AD-2C85-4067-B55E-DFEB8B13DD8E}.Debug|x86.Build.0 = Debug|x86
		{8F7AF3AD-2C85-4067-B55E-DFEB8B13DD8E}.Release|Any CPU.ActiveCfg = Release|Any CPU
		{8F7AF3AD-2C85-4067-B55E-DFEB8B13DD8E}.Release|Any CPU.Build.0 = Release|Any CPU
		{8F7AF3AD-2C85-4067-B55E-DFEB8B13DD8E}.Release|Mixed Platforms.ActiveCfg = Release|x86
		{8F7AF3AD-2C85-4067-B55E-DFEB8B13DD8E}.Release|Mixed Platforms.Build.0 = Release|x86
		{8F7AF3AD-2C85-4067-B55E-DFEB8B13DD8E}.Release|x86.ActiveCfg = Release|x86
		{8F7AF3AD-2C85-4067-B55E-DFEB8B13DD8E}.Release|x86.Build.0 = Release|x86
		{D75634E3-34AA-4418-A6B6-3647BFF90606}.Debug|Any CPU.ActiveCfg = Debug|Any CPU
		{D75634E3-34AA-4418-A6B6-3647BFF90606}.Debug|Any CPU.Build.0 = Debug|Any CPU
		{D75634E3-34AA-4418-A6B6-3647BFF90606}.Debug|Mixed Platforms.ActiveCfg = Debug|Any CPU
		{D75634E3-34AA-4418-A6B6-3647BFF90606}.Debug|Mixed Platforms.Build.0 = Debug|Any CPU
		{D75634E3-34AA-4418-A6B6-3647BFF90606}.Debug|x86.ActiveCfg = Debug|x86
		{D75634E3-34AA-4418-A6B6-3647BFF90606}.Debug|x86.Build.0 = Debug|x86
		{D75634E3-34AA-4418-A6B6-3647BFF90606}.Release|Any CPU.ActiveCfg = Release|Any CPU
		{D75634E3-34AA-4418-A6B6-3647BFF90606}.Release|Any CPU.Build.0 = Release|Any CPU
		{D75634E3-34AA-4418-A6B6-3647BFF90606}.Release|Mixed Platforms.ActiveCfg = Release|Any CPU
		{D75634E3-34AA-4418-A6B6-3647BFF90606}.Release|Mixed Platforms.Build.0 = Release|Any CPU
		{D75634E3-34AA-4418-A6B6-3647BFF90606}.Release|x86.ActiveCfg = Release|x86
		{D75634E3-34AA-4418-A6B6-3647BFF90606}.Release|x86.Build.0 = Release|x86
		{A88DB101-8B2D-4C75-A6B7-9444ADF08474}.Debug|Any CPU.ActiveCfg = Debug|x86
		{A88DB101-8B2D-4C75-A6B7-9444ADF08474}.Debug|Mixed Platforms.ActiveCfg = Debug|x86
		{A88DB101-8B2D-4C75-A6B7-9444ADF08474}.Debug|Mixed Platforms.Build.0 = Debug|x86
		{A88DB101-8B2D-4C75-A6B7-9444ADF08474}.Debug|x86.ActiveCfg = Debug|x86
		{A88DB101-8B2D-4C75-A6B7-9444ADF08474}.Release|Any CPU.ActiveCfg = Release|x86
		{A88DB101-8B2D-4C75-A6B7-9444ADF08474}.Release|Mixed Platforms.ActiveCfg = Release|x86
		{A88DB101-8B2D-4C75-A6B7-9444ADF08474}.Release|Mixed Platforms.Build.0 = Release|x86
		{A88DB101-8B2D-4C75-A6B7-9444ADF08474}.Release|x86.ActiveCfg = Release|x86
		{A88DB101-8B2D-4C75-A6B7-9444ADF08474}.Release|x86.Build.0 = Release|x86
		{721A8EDC-28BD-4A84-85B7-C4382D8E2E92}.Debug|Any CPU.ActiveCfg = Debug|x86
		{721A8EDC-28BD-4A84-85B7-C4382D8E2E92}.Debug|Mixed Platforms.ActiveCfg = Debug|x86
		{721A8EDC-28BD-4A84-85B7-C4382D8E2E92}.Debug|Mixed Platforms.Build.0 = Debug|x86
		{721A8EDC-28BD-4A84-85B7-C4382D8E2E92}.Debug|x86.ActiveCfg = Debug|x86
		{721A8EDC-28BD-4A84-85B7-C4382D8E2E92}.Release|Any CPU.ActiveCfg = Release|x86
		{721A8EDC-28BD-4A84-85B7-C4382D8E2E92}.Release|Mixed Platforms.ActiveCfg = Release|x86
		{721A8EDC-28BD-4A84-85B7-C4382D8E2E92}.Release|Mixed Platforms.Build.0 = Release|x86
		{721A8EDC-28BD-4A84-85B7-C4382D8E2E92}.Release|x86.ActiveCfg = Release|x86
		{721A8EDC-28BD-4A84-85B7-C4382D8E2E92}.Release|x86.Build.0 = Release|x86
		{5035348F-344F-4822-823E-6CB4D79D80D7}.Debug|Any CPU.ActiveCfg = Debug|Any CPU
		{5035348F-344F-4822-823E-6CB4D79D80D7}.Debug|Any CPU.Build.0 = Debug|Any CPU
		{5035348F-344F-4822-823E-6CB4D79D80D7}.Debug|Mixed Platforms.ActiveCfg = Debug|Any CPU
		{5035348F-344F-4822-823E-6CB4D79D80D7}.Debug|Mixed Platforms.Build.0 = Debug|Any CPU
		{5035348F-344F-4822-823E-6CB4D79D80D7}.Debug|x86.ActiveCfg = Debug|Any CPU
		{5035348F-344F-4822-823E-6CB4D79D80D7}.Release|Any CPU.ActiveCfg = Release|Any CPU
		{5035348F-344F-4822-823E-6CB4D79D80D7}.Release|Any CPU.Build.0 = Release|Any CPU
		{5035348F-344F-4822-823E-6CB4D79D80D7}.Release|Mixed Platforms.ActiveCfg = Release|Any CPU
		{5035348F-344F-4822-823E-6CB4D79D80D7}.Release|Mixed Platforms.Build.0 = Release|Any CPU
		{5035348F-344F-4822-823E-6CB4D79D80D7}.Release|x86.ActiveCfg = Release|Any CPU
		{18305BA6-E8D3-4E21-8C28-1B1A4AB42CAC}.Debug|Any CPU.ActiveCfg = Debug|Any CPU
		{18305BA6-E8D3-4E21-8C28-1B1A4AB42CAC}.Debug|Any CPU.Build.0 = Debug|Any CPU
		{18305BA6-E8D3-4E21-8C28-1B1A4AB42CAC}.Debug|Mixed Platforms.ActiveCfg = Debug|x86
		{18305BA6-E8D3-4E21-8C28-1B1A4AB42CAC}.Debug|Mixed Platforms.Build.0 = Debug|x86
		{18305BA6-E8D3-4E21-8C28-1B1A4AB42CAC}.Debug|x86.ActiveCfg = Debug|x86
		{18305BA6-E8D3-4E21-8C28-1B1A4AB42CAC}.Debug|x86.Build.0 = Debug|x86
		{18305BA6-E8D3-4E21-8C28-1B1A4AB42CAC}.Release|Any CPU.ActiveCfg = Release|Any CPU
		{18305BA6-E8D3-4E21-8C28-1B1A4AB42CAC}.Release|Any CPU.Build.0 = Release|Any CPU
		{18305BA6-E8D3-4E21-8C28-1B1A4AB42CAC}.Release|Mixed Platforms.ActiveCfg = Release|x86
		{18305BA6-E8D3-4E21-8C28-1B1A4AB42CAC}.Release|Mixed Platforms.Build.0 = Release|x86
		{18305BA6-E8D3-4E21-8C28-1B1A4AB42CAC}.Release|x86.ActiveCfg = Release|x86
		{18305BA6-E8D3-4E21-8C28-1B1A4AB42CAC}.Release|x86.Build.0 = Release|x86
		{91058110-CAB9-4C53-AD27-536407982F17}.Debug|Any CPU.ActiveCfg = Debug|Any CPU
		{91058110-CAB9-4C53-AD27-536407982F17}.Debug|Any CPU.Build.0 = Debug|Any CPU
		{91058110-CAB9-4C53-AD27-536407982F17}.Debug|Mixed Platforms.ActiveCfg = Debug|Any CPU
		{91058110-CAB9-4C53-AD27-536407982F17}.Debug|Mixed Platforms.Build.0 = Debug|Any CPU
		{91058110-CAB9-4C53-AD27-536407982F17}.Debug|x86.ActiveCfg = Debug|Any CPU
		{91058110-CAB9-4C53-AD27-536407982F17}.Release|Any CPU.ActiveCfg = Release|Any CPU
		{91058110-CAB9-4C53-AD27-536407982F17}.Release|Any CPU.Build.0 = Release|Any CPU
		{91058110-CAB9-4C53-AD27-536407982F17}.Release|Mixed Platforms.ActiveCfg = Release|Any CPU
		{91058110-CAB9-4C53-AD27-536407982F17}.Release|Mixed Platforms.Build.0 = Release|Any CPU
		{91058110-CAB9-4C53-AD27-536407982F17}.Release|x86.ActiveCfg = Release|Any CPU
		{439EB714-D9DD-4637-91B9-FDD7AA0F0047}.Debug|Any CPU.ActiveCfg = Debug|Any CPU
		{439EB714-D9DD-4637-91B9-FDD7AA0F0047}.Debug|Any CPU.Build.0 = Debug|Any CPU
		{439EB714-D9DD-4637-91B9-FDD7AA0F0047}.Debug|Mixed Platforms.ActiveCfg = Debug|x86
		{439EB714-D9DD-4637-91B9-FDD7AA0F0047}.Debug|Mixed Platforms.Build.0 = Debug|x86
		{439EB714-D9DD-4637-91B9-FDD7AA0F0047}.Debug|x86.ActiveCfg = Debug|x86
		{439EB714-D9DD-4637-91B9-FDD7AA0F0047}.Debug|x86.Build.0 = Debug|x86
		{439EB714-D9DD-4637-91B9-FDD7AA0F0047}.Release|Any CPU.ActiveCfg = Release|Any CPU
		{439EB714-D9DD-4637-91B9-FDD7AA0F0047}.Release|Any CPU.Build.0 = Release|Any CPU
		{439EB714-D9DD-4637-91B9-FDD7AA0F0047}.Release|Mixed Platforms.ActiveCfg = Release|x86
		{439EB714-D9DD-4637-91B9-FDD7AA0F0047}.Release|Mixed Platforms.Build.0 = Release|x86
		{439EB714-D9DD-4637-91B9-FDD7AA0F0047}.Release|x86.ActiveCfg = Release|x86
		{439EB714-D9DD-4637-91B9-FDD7AA0F0047}.Release|x86.Build.0 = Release|x86
		{822E34A7-892F-4D76-AC76-C6B7FAFC1F58}.Debug|Any CPU.ActiveCfg = Debug|Any CPU
		{822E34A7-892F-4D76-AC76-C6B7FAFC1F58}.Debug|Any CPU.Build.0 = Debug|Any CPU
		{822E34A7-892F-4D76-AC76-C6B7FAFC1F58}.Debug|Mixed Platforms.ActiveCfg = Debug|Any CPU
		{822E34A7-892F-4D76-AC76-C6B7FAFC1F58}.Debug|Mixed Platforms.Build.0 = Debug|Any CPU
		{822E34A7-892F-4D76-AC76-C6B7FAFC1F58}.Debug|x86.ActiveCfg = Debug|Any CPU
		{822E34A7-892F-4D76-AC76-C6B7FAFC1F58}.Release|Any CPU.ActiveCfg = Release|Any CPU
		{822E34A7-892F-4D76-AC76-C6B7FAFC1F58}.Release|Any CPU.Build.0 = Release|Any CPU
		{822E34A7-892F-4D76-AC76-C6B7FAFC1F58}.Release|Mixed Platforms.ActiveCfg = Release|Any CPU
		{822E34A7-892F-4D76-AC76-C6B7FAFC1F58}.Release|Mixed Platforms.Build.0 = Release|Any CPU
		{822E34A7-892F-4D76-AC76-C6B7FAFC1F58}.Release|x86.ActiveCfg = Release|Any CPU
		{8F9BA4D3-D6AF-42A6-B74F-0DF6568C148B}.Debug|Any CPU.ActiveCfg = Debug|Any CPU
		{8F9BA4D3-D6AF-42A6-B74F-0DF6568C148B}.Debug|Any CPU.Build.0 = Debug|Any CPU
		{8F9BA4D3-D6AF-42A6-B74F-0DF6568C148B}.Debug|Mixed Platforms.ActiveCfg = Debug|Any CPU
		{8F9BA4D3-D6AF-42A6-B74F-0DF6568C148B}.Debug|Mixed Platforms.Build.0 = Debug|Any CPU
		{8F9BA4D3-D6AF-42A6-B74F-0DF6568C148B}.Debug|x86.ActiveCfg = Debug|Any CPU
		{8F9BA4D3-D6AF-42A6-B74F-0DF6568C148B}.Release|Any CPU.ActiveCfg = Release|Any CPU
		{8F9BA4D3-D6AF-42A6-B74F-0DF6568C148B}.Release|Any CPU.Build.0 = Release|Any CPU
		{8F9BA4D3-D6AF-42A6-B74F-0DF6568C148B}.Release|Mixed Platforms.ActiveCfg = Release|Any CPU
		{8F9BA4D3-D6AF-42A6-B74F-0DF6568C148B}.Release|Mixed Platforms.Build.0 = Release|Any CPU
		{8F9BA4D3-D6AF-42A6-B74F-0DF6568C148B}.Release|x86.ActiveCfg = Release|Any CPU
	EndGlobalSection
	GlobalSection(SolutionProperties) = preSolution
		HideSolutionNode = FALSE
	EndGlobalSection
	GlobalSection(NestedProjects) = preSolution
		{B885460B-F114-4B34-8963-9B1CBACB5D8B} = {EC69CA66-2E94-47C7-B86B-E277C7AB2FD5}
		{18305BA6-E8D3-4E21-8C28-1B1A4AB42CAC} = {EC69CA66-2E94-47C7-B86B-E277C7AB2FD5}
		{8F9BA4D3-D6AF-42A6-B74F-0DF6568C148B} = {EC69CA66-2E94-47C7-B86B-E277C7AB2FD5}
		{F3F0BB51-0EC8-45F1-854C-7AF430E0B66D} = {EC69CA66-2E94-47C7-B86B-E277C7AB2FD5}
		{F7AF3588-4E47-464A-8729-3FDBC471D00C} = {133A2DEA-26D4-4377-901F-83DDD2E5B477}
		{120B7826-6403-41BF-AEF9-61FE400CF0F9} = {133A2DEA-26D4-4377-901F-83DDD2E5B477}
		{8CC9E847-D896-4F26-8429-84ABC00AD594} = {133A2DEA-26D4-4377-901F-83DDD2E5B477}
		{C93511B7-B39B-44BD-B15B-49D91C7C6A63} = {133A2DEA-26D4-4377-901F-83DDD2E5B477}
		{3B400C41-D6B3-4683-8450-85AED44FAA52} = {133A2DEA-26D4-4377-901F-83DDD2E5B477}
		{439EB714-D9DD-4637-91B9-FDD7AA0F0047} = {133A2DEA-26D4-4377-901F-83DDD2E5B477}
		{822E34A7-892F-4D76-AC76-C6B7FAFC1F58} = {133A2DEA-26D4-4377-901F-83DDD2E5B477}
		{248A3C5D-E69F-4416-B55A-B3F798BE367B} = {BD25E099-B076-458D-BFD3-71A58028E5AA}
		{7CDEDAAE-8156-4835-9837-55C7CDC67070} = {BD25E099-B076-458D-BFD3-71A58028E5AA}
		{013D495C-FD49-4568-8472-11CBF544093D} = {E7D718DE-FBB1-48B6-8AE8-A4FF193A4C9C}
		{9620C72E-2D87-4F6B-986D-0CB87FC2B46B} = {E7D718DE-FBB1-48B6-8AE8-A4FF193A4C9C}
		{14D171D4-D040-446D-9F24-B8D48E63B4BA} = {E7D718DE-FBB1-48B6-8AE8-A4FF193A4C9C}
		{1649920F-B0C5-4C2C-963C-38C8D80AB552} = {E7D718DE-FBB1-48B6-8AE8-A4FF193A4C9C}
		{48F945EB-35D7-4052-8DA1-16A62A725FBC} = {E7D718DE-FBB1-48B6-8AE8-A4FF193A4C9C}
		{2A9D4CF0-57A7-4693-9BD2-64DF7CD0BC24} = {E7D718DE-FBB1-48B6-8AE8-A4FF193A4C9C}
		{80AD25A0-A56C-4D0F-A26A-5A9C2369132C} = {7578B781-0993-4F18-AB54-B8EC06F2196D}
		{692F0E45-DE1A-448F-A347-75007E199AD5} = {7578B781-0993-4F18-AB54-B8EC06F2196D}
		{91058110-CAB9-4C53-AD27-536407982F17} = {7578B781-0993-4F18-AB54-B8EC06F2196D}
		{D1EA66EA-9A50-46A5-985E-2DAC49F01A1B} = {EF307DD7-74FD-448A-B2BA-582729BD556E}
		{8F7AF3AD-2C85-4067-B55E-DFEB8B13DD8E} = {D71139B0-0268-43E9-B1D2-13D95D308622}
		{A88DB101-8B2D-4C75-A6B7-9444ADF08474} = {D71139B0-0268-43E9-B1D2-13D95D308622}
		{721A8EDC-28BD-4A84-85B7-C4382D8E2E92} = {D71139B0-0268-43E9-B1D2-13D95D308622}
		{D75634E3-34AA-4418-A6B6-3647BFF90606} = {CA2F47E1-FB62-4F9D-A124-035553DC094D}
		{5035348F-344F-4822-823E-6CB4D79D80D7} = {CA2F47E1-FB62-4F9D-A124-035553DC094D}
		{78005703-5359-4D08-9D9E-796DD5F7E754} = {80AD25A0-A56C-4D0F-A26A-5A9C2369132C}
		{5EE01B9E-4F8A-46AB-A0C1-2266AB64221D} = {F3F0BB51-0EC8-45F1-854C-7AF430E0B66D}
		{EAF62C65-DD19-4F71-A8E9-33BF14EC3D85} = {F3F0BB51-0EC8-45F1-854C-7AF430E0B66D}
		{B1BD595D-FD7A-4E02-8125-D270DB4BE61A} = {F3F0BB51-0EC8-45F1-854C-7AF430E0B66D}
	EndGlobalSection
EndGlobal
