
Microsoft Visual Studio Solution File, Format Version 12.00
# Visual Studio 2013
VisualStudioVersion = 12.0.30723.0
MinimumVisualStudioVersion = 10.0.40219.1
Project("{FAE04EC0-301F-11D3-BF4B-00C04F79EFBC}") = "PLMPackLib.DAL", "PLMPackLib.DAL\PLMPackLib.DAL.csproj", "{F6B3C0BE-37D8-4AD2-B795-C3151FC4B5CD}"
EndProject
Project("{FAE04EC0-301F-11D3-BF4B-00C04F79EFBC}") = "PLMPackLib.DAL.Test", "PLMPackLib.DAL.Test\PLMPackLib.DAL.Test.csproj", "{480CED10-F8DB-448C-B3C6-1D4906F85BDE}"
EndProject
Global
	GlobalSection(SolutionConfigurationPlatforms) = preSolution
		Debug|Any CPU = Debug|Any CPU
		Release|Any CPU = Release|Any CPU
	EndGlobalSection
	GlobalSection(ProjectConfigurationPlatforms) = postSolution
		{F6B3C0BE-37D8-4AD2-B795-C3151FC4B5CD}.Debug|Any CPU.ActiveCfg = Debug|Any CPU
		{F6B3C0BE-37D8-4AD2-B795-C3151FC4B5CD}.Debug|Any CPU.Build.0 = Debug|Any CPU
		{F6B3C0BE-37D8-4AD2-B795-C3151FC4B5CD}.Release|Any CPU.ActiveCfg = Release|Any CPU
		{F6B3C0BE-37D8-4AD2-B795-C3151FC4B5CD}.Release|Any CPU.Build.0 = Release|Any CPU
		{480CED10-F8DB-448C-B3C6-1D4906F85BDE}.Debug|Any CPU.ActiveCfg = Debug|Any CPU
		{480CED10-F8DB-448C-B3C6-1D4906F85BDE}.Debug|Any CPU.Build.0 = Debug|Any CPU
		{480CED10-F8DB-448C-B3C6-1D4906F85BDE}.Release|Any CPU.ActiveCfg = Release|Any CPU
		{480CED10-F8DB-448C-B3C6-1D4906F85BDE}.Release|Any CPU.Build.0 = Release|Any CPU
	EndGlobalSection
	GlobalSection(SolutionProperties) = preSolution
		HideSolutionNode = FALSE
	EndGlobalSection
EndGlobal
